
Microsoft Visual Studio Solution File, Format Version 12.00
# Visual Studio 14
VisualStudioVersion = 14.0.23107.0
MinimumVisualStudioVersion = 10.0.40219.1
Project("{FAE04EC0-301F-11D3-BF4B-00C04F79EFBC}") = "InterviewTestPagination", "InterviewTestPagination\InterviewTestPagination.csproj", "{9845E05E-FB55-498E-A0E5-28B7644206B6}"
EndProject
Project("{FAE04EC0-301F-11D3-BF4B-00C04F79EFBC}") = "InterviewTestPagination.Tests", "InterviewTestPagination.Tests\InterviewTestPagination.Tests.csproj", "{48B2A1E0-9422-4DF5-903B-CA717C07A2B5}"
EndProject
Global
	GlobalSection(SolutionConfigurationPlatforms) = preSolution
		Debug|Any CPU = Debug|Any CPU
		Release|Any CPU = Release|Any CPU
	EndGlobalSection
	GlobalSection(ProjectConfigurationPlatforms) = postSolution
		{9845E05E-FB55-498E-A0E5-28B7644206B6}.Debug|Any CPU.ActiveCfg = Debug|Any CPU
		{9845E05E-FB55-498E-A0E5-28B7644206B6}.Debug|Any CPU.Build.0 = Debug|Any CPU
		{9845E05E-FB55-498E-A0E5-28B7644206B6}.Release|Any CPU.ActiveCfg = Release|Any CPU
		{9845E05E-FB55-498E-A0E5-28B7644206B6}.Release|Any CPU.Build.0 = Release|Any CPU
		{48B2A1E0-9422-4DF5-903B-CA717C07A2B5}.Debug|Any CPU.ActiveCfg = Debug|Any CPU
		{48B2A1E0-9422-4DF5-903B-CA717C07A2B5}.Debug|Any CPU.Build.0 = Debug|Any CPU
		{48B2A1E0-9422-4DF5-903B-CA717C07A2B5}.Release|Any CPU.ActiveCfg = Release|Any CPU
		{48B2A1E0-9422-4DF5-903B-CA717C07A2B5}.Release|Any CPU.Build.0 = Release|Any CPU
	EndGlobalSection
	GlobalSection(SolutionProperties) = preSolution
		HideSolutionNode = FALSE
	EndGlobalSection
EndGlobal
